// !$*UTF8*$!
{
	archiveVersion = 1;
	classes = {
	};
	objectVersion = 46;
	objects = {

/* Begin PBXBuildFile section */
		32FEB9E11D143D7E00D5CF09 /* AppDelegate.swift in Sources */ = {isa = PBXBuildFile; fileRef = 32FEB9E01D143D7E00D5CF09 /* AppDelegate.swift */; };
		32FEB9E31D143D7E00D5CF09 /* ViewController.swift in Sources */ = {isa = PBXBuildFile; fileRef = 32FEB9E21D143D7E00D5CF09 /* ViewController.swift */; };
		32FEB9E61D143D7E00D5CF09 /* Main.storyboard in Resources */ = {isa = PBXBuildFile; fileRef = 32FEB9E41D143D7E00D5CF09 /* Main.storyboard */; };
		32FEB9E81D143D7E00D5CF09 /* Assets.xcassets in Resources */ = {isa = PBXBuildFile; fileRef = 32FEB9E71D143D7E00D5CF09 /* Assets.xcassets */; };
		32FEB9EB1D143D7E00D5CF09 /* LaunchScreen.storyboard in Resources */ = {isa = PBXBuildFile; fileRef = 32FEB9E91D143D7E00D5CF09 /* LaunchScreen.storyboard */; };
		32FEB9F61D143D7F00D5CF09 /* MengDayTests.swift in Sources */ = {isa = PBXBuildFile; fileRef = 32FEB9F51D143D7F00D5CF09 /* MengDayTests.swift */; };
		32FEBA011D143D7F00D5CF09 /* MengDayUITests.swift in Sources */ = {isa = PBXBuildFile; fileRef = 32FEBA001D143D7F00D5CF09 /* MengDayUITests.swift */; };
/* End PBXBuildFile section */

/* Begin PBXContainerItemProxy section */
		32FEB9F21D143D7F00D5CF09 /* PBXContainerItemProxy */ = {
			isa = PBXContainerItemProxy;
			containerPortal = 32FEB9D51D143D7E00D5CF09 /* Project object */;
			proxyType = 1;
			remoteGlobalIDString = 32FEB9DC1D143D7E00D5CF09;
			remoteInfo = MengDay;
		};
		32FEB9FD1D143D7F00D5CF09 /* PBXContainerItemProxy */ = {
			isa = PBXContainerItemProxy;
			containerPortal = 32FEB9D51D143D7E00D5CF09 /* Project object */;
			proxyType = 1;
			remoteGlobalIDString = 32FEB9DC1D143D7E00D5CF09;
			remoteInfo = MengDay;
		};
/* End PBXContainerItemProxy section */

/* Begin PBXFileReference section */
		32FEB9DD1D143D7E00D5CF09 /* MengDay.app */ = {isa = PBXFileReference; explicitFileType = wrapper.application; includeInIndex = 0; path = MengDay.app; sourceTree = BUILT_PRODUCTS_DIR; };
		32FEB9E01D143D7E00D5CF09 /* AppDelegate.swift */ = {isa = PBXFileReference; lastKnownFileType = sourcecode.swift; path = AppDelegate.swift; sourceTree = "<group>"; };
		32FEB9E21D143D7E00D5CF09 /* ViewController.swift */ = {isa = PBXFileReference; lastKnownFileType = sourcecode.swift; path = ViewController.swift; sourceTree = "<group>"; };
		32FEB9E51D143D7E00D5CF09 /* Base */ = {isa = PBXFileReference; lastKnownFileType = file.storyboard; name = Base; path = Base.lproj/Main.storyboard; sourceTree = "<group>"; };
		32FEB9E71D143D7E00D5CF09 /* Assets.xcassets */ = {isa = PBXFileReference; lastKnownFileType = folder.assetcatalog; path = Assets.xcassets; sourceTree = "<group>"; };
		32FEB9EA1D143D7E00D5CF09 /* Base */ = {isa = PBXFileReference; lastKnownFileType = file.storyboard; name = Base; path = Base.lproj/LaunchScreen.storyboard; sourceTree = "<group>"; };
		32FEB9EC1D143D7E00D5CF09 /* Info.plist */ = {isa = PBXFileReference; lastKnownFileType = text.plist.xml; path = Info.plist; sourceTree = "<group>"; };
		32FEB9F11D143D7F00D5CF09 /* MengDayTests.xctest */ = {isa = PBXFileReference; explicitFileType = wrapper.cfbundle; includeInIndex = 0; path = MengDayTests.xctest; sourceTree = BUILT_PRODUCTS_DIR; };
		32FEB9F51D143D7F00D5CF09 /* MengDayTests.swift */ = {isa = PBXFileReference; lastKnownFileType = sourcecode.swift; path = MengDayTests.swift; sourceTree = "<group>"; };
		32FEB9F71D143D7F00D5CF09 /* Info.plist */ = {isa = PBXFileReference; lastKnownFileType = text.plist.xml; path = Info.plist; sourceTree = "<group>"; };
		32FEB9FC1D143D7F00D5CF09 /* MengDayUITests.xctest */ = {isa = PBXFileReference; explicitFileType = wrapper.cfbundle; includeInIndex = 0; path = MengDayUITests.xctest; sourceTree = BUILT_PRODUCTS_DIR; };
		32FEBA001D143D7F00D5CF09 /* MengDayUITests.swift */ = {isa = PBXFileReference; lastKnownFileType = sourcecode.swift; path = MengDayUITests.swift; sourceTree = "<group>"; };
		32FEBA021D143D7F00D5CF09 /* Info.plist */ = {isa = PBXFileReference; lastKnownFileType = text.plist.xml; path = Info.plist; sourceTree = "<group>"; };
/* End PBXFileReference section */

/* Begin PBXFrameworksBuildPhase section */
		32FEB9DA1D143D7E00D5CF09 /* Frameworks */ = {
			isa = PBXFrameworksBuildPhase;
			buildActionMask = 2147483647;
			files = (
			);
			runOnlyForDeploymentPostprocessing = 0;
		};
		32FEB9EE1D143D7F00D5CF09 /* Frameworks */ = {
			isa = PBXFrameworksBuildPhase;
			buildActionMask = 2147483647;
			files = (
			);
			runOnlyForDeploymentPostprocessing = 0;
		};
		32FEB9F91D143D7F00D5CF09 /* Frameworks */ = {
			isa = PBXFrameworksBuildPhase;
			buildActionMask = 2147483647;
			files = (
			);
			runOnlyForDeploymentPostprocessing = 0;
		};
/* End PBXFrameworksBuildPhase section */

/* Begin PBXGroup section */
		32FEB9D41D143D7E00D5CF09 = {
			isa = PBXGroup;
			children = (
				32FEB9DF1D143D7E00D5CF09 /* MengDay */,
				32FEB9F41D143D7F00D5CF09 /* MengDayTests */,
				32FEB9FF1D143D7F00D5CF09 /* MengDayUITests */,
				32FEB9DE1D143D7E00D5CF09 /* Products */,
			);
			sourceTree = "<group>";
		};
		32FEB9DE1D143D7E00D5CF09 /* Products */ = {
			isa = PBXGroup;
			children = (
				32FEB9DD1D143D7E00D5CF09 /* MengDay.app */,
				32FEB9F11D143D7F00D5CF09 /* MengDayTests.xctest */,
				32FEB9FC1D143D7F00D5CF09 /* MengDayUITests.xctest */,
			);
			name = Products;
			sourceTree = "<group>";
		};
		32FEB9DF1D143D7E00D5CF09 /* MengDay */ = {
			isa = PBXGroup;
			children = (
				32FEB9E01D143D7E00D5CF09 /* AppDelegate.swift */,
				32FEB9E21D143D7E00D5CF09 /* ViewController.swift */,
				32FEB9E41D143D7E00D5CF09 /* Main.storyboard */,
				32FEB9E71D143D7E00D5CF09 /* Assets.xcassets */,
				32FEB9E91D143D7E00D5CF09 /* LaunchScreen.storyboard */,
				32FEB9EC1D143D7E00D5CF09 /* Info.plist */,
			);
			path = MengDay;
			sourceTree = "<group>";
		};
		32FEB9F41D143D7F00D5CF09 /* MengDayTests */ = {
			isa = PBXGroup;
			children = (
				32FEB9F51D143D7F00D5CF09 /* MengDayTests.swift */,
				32FEB9F71D143D7F00D5CF09 /* Info.plist */,
			);
			path = MengDayTests;
			sourceTree = "<group>";
		};
		32FEB9FF1D143D7F00D5CF09 /* MengDayUITests */ = {
			isa = PBXGroup;
			children = (
				32FEBA001D143D7F00D5CF09 /* MengDayUITests.swift */,
				32FEBA021D143D7F00D5CF09 /* Info.plist */,
			);
			path = MengDayUITests;
			sourceTree = "<group>";
		};
/* End PBXGroup section */

/* Begin PBXNativeTarget section */
		32FEB9DC1D143D7E00D5CF09 /* MengDay */ = {
			isa = PBXNativeTarget;
			buildConfigurationList = 32FEBA051D143D7F00D5CF09 /* Build configuration list for PBXNativeTarget "MengDay" */;
			buildPhases = (
				32FEB9D91D143D7E00D5CF09 /* Sources */,
				32FEB9DA1D143D7E00D5CF09 /* Frameworks */,
				32FEB9DB1D143D7E00D5CF09 /* Resources */,
			);
			buildRules = (
			);
			dependencies = (
			);
			name = MengDay;
			productName = MengDay;
			productReference = 32FEB9DD1D143D7E00D5CF09 /* MengDay.app */;
			productType = "com.apple.product-type.application";
		};
		32FEB9F01D143D7F00D5CF09 /* MengDayTests */ = {
			isa = PBXNativeTarget;
			buildConfigurationList = 32FEBA081D143D7F00D5CF09 /* Build configuration list for PBXNativeTarget "MengDayTests" */;
			buildPhases = (
				32FEB9ED1D143D7F00D5CF09 /* Sources */,
				32FEB9EE1D143D7F00D5CF09 /* Frameworks */,
				32FEB9EF1D143D7F00D5CF09 /* Resources */,
			);
			buildRules = (
			);
			dependencies = (
				32FEB9F31D143D7F00D5CF09 /* PBXTargetDependency */,
			);
			name = MengDayTests;
			productName = MengDayTests;
			productReference = 32FEB9F11D143D7F00D5CF09 /* MengDayTests.xctest */;
			productType = "com.apple.product-type.bundle.unit-test";
		};
		32FEB9FB1D143D7F00D5CF09 /* MengDayUITests */ = {
			isa = PBXNativeTarget;
			buildConfigurationList = 32FEBA0B1D143D7F00D5CF09 /* Build configuration list for PBXNativeTarget "MengDayUITests" */;
			buildPhases = (
				32FEB9F81D143D7F00D5CF09 /* Sources */,
				32FEB9F91D143D7F00D5CF09 /* Frameworks */,
				32FEB9FA1D143D7F00D5CF09 /* Resources */,
			);
			buildRules = (
			);
			dependencies = (
				32FEB9FE1D143D7F00D5CF09 /* PBXTargetDependency */,
			);
			name = MengDayUITests;
			productName = MengDayUITests;
			productReference = 32FEB9FC1D143D7F00D5CF09 /* MengDayUITests.xctest */;
			productType = "com.apple.product-type.bundle.ui-testing";
		};
/* End PBXNativeTarget section */

/* Begin PBXProject section */
		32FEB9D51D143D7E00D5CF09 /* Project object */ = {
			isa = PBXProject;
			attributes = {
				LastSwiftUpdateCheck = 0730;
				LastUpgradeCheck = 0730;
				ORGANIZATIONNAME = "Weijie Wang";
				TargetAttributes = {
					32FEB9DC1D143D7E00D5CF09 = {
						CreatedOnToolsVersion = 7.3.1;
					};
					32FEB9F01D143D7F00D5CF09 = {
						CreatedOnToolsVersion = 7.3.1;
						TestTargetID = 32FEB9DC1D143D7E00D5CF09;
					};
					32FEB9FB1D143D7F00D5CF09 = {
						CreatedOnToolsVersion = 7.3.1;
						TestTargetID = 32FEB9DC1D143D7E00D5CF09;
					};
				};
			};
			buildConfigurationList = 32FEB9D81D143D7E00D5CF09 /* Build configuration list for PBXProject "MengDay" */;
			compatibilityVersion = "Xcode 3.2";
			developmentRegion = English;
			hasScannedForEncodings = 0;
			knownRegions = (
				en,
				Base,
			);
			mainGroup = 32FEB9D41D143D7E00D5CF09;
			productRefGroup = 32FEB9DE1D143D7E00D5CF09 /* Products */;
			projectDirPath = "";
			projectRoot = "";
			targets = (
				32FEB9DC1D143D7E00D5CF09 /* MengDay */,
				32FEB9F01D143D7F00D5CF09 /* MengDayTests */,
				32FEB9FB1D143D7F00D5CF09 /* MengDayUITests */,
			);
		};
/* End PBXProject section */

/* Begin PBXResourcesBuildPhase section */
		32FEB9DB1D143D7E00D5CF09 /* Resources */ = {
			isa = PBXResourcesBuildPhase;
			buildActionMask = 2147483647;
			files = (
				32FEB9EB1D143D7E00D5CF09 /* LaunchScreen.storyboard in Resources */,
				32FEB9E81D143D7E00D5CF09 /* Assets.xcassets in Resources */,
				32FEB9E61D143D7E00D5CF09 /* Main.storyboard in Resources */,
			);
			runOnlyForDeploymentPostprocessing = 0;
		};
		32FEB9EF1D143D7F00D5CF09 /* Resources */ = {
			isa = PBXResourcesBuildPhase;
			buildActionMask = 2147483647;
			files = (
			);
			runOnlyForDeploymentPostprocessing = 0;
		};
		32FEB9FA1D143D7F00D5CF09 /* Resources */ = {
			isa = PBXResourcesBuildPhase;
			buildActionMask = 2147483647;
			files = (
			);
			runOnlyForDeploymentPostprocessing = 0;
		};
/* End PBXResourcesBuildPhase section */

/* Begin PBXSourcesBuildPhase section */
		32FEB9D91D143D7E00D5CF09 /* Sources */ = {
			isa = PBXSourcesBuildPhase;
			buildActionMask = 2147483647;
			files = (
				32FEB9E31D143D7E00D5CF09 /* ViewController.swift in Sources */,
				32FEB9E11D143D7E00D5CF09 /* AppDelegate.swift in Sources */,
			);
			runOnlyForDeploymentPostprocessing = 0;
		};
		32FEB9ED1D143D7F00D5CF09 /* Sources */ = {
			isa = PBXSourcesBuildPhase;
			buildActionMask = 2147483647;
			files = (
				32FEB9F61D143D7F00D5CF09 /* MengDayTests.swift in Sources */,
			);
			runOnlyForDeploymentPostprocessing = 0;
		};
		32FEB9F81D143D7F00D5CF09 /* Sources */ = {
			isa = PBXSourcesBuildPhase;
			buildActionMask = 2147483647;
			files = (
				32FEBA011D143D7F00D5CF09 /* MengDayUITests.swift in Sources */,
			);
			runOnlyForDeploymentPostprocessing = 0;
		};
/* End PBXSourcesBuildPhase section */

/* Begin PBXTargetDependency section */
		32FEB9F31D143D7F00D5CF09 /* PBXTargetDependency */ = {
			isa = PBXTargetDependency;
			target = 32FEB9DC1D143D7E00D5CF09 /* MengDay */;
			targetProxy = 32FEB9F21D143D7F00D5CF09 /* PBXContainerItemProxy */;
		};
		32FEB9FE1D143D7F00D5CF09 /* PBXTargetDependency */ = {
			isa = PBXTargetDependency;
			target = 32FEB9DC1D143D7E00D5CF09 /* MengDay */;
			targetProxy = 32FEB9FD1D143D7F00D5CF09 /* PBXContainerItemProxy */;
		};
/* End PBXTargetDependency section */

/* Begin PBXVariantGroup section */
		32FEB9E41D143D7E00D5CF09 /* Main.storyboard */ = {
			isa = PBXVariantGroup;
			children = (
				32FEB9E51D143D7E00D5CF09 /* Base */,
			);
			name = Main.storyboard;
			sourceTree = "<group>";
		};
		32FEB9E91D143D7E00D5CF09 /* LaunchScreen.storyboard */ = {
			isa = PBXVariantGroup;
			children = (
				32FEB9EA1D143D7E00D5CF09 /* Base */,
			);
			name = LaunchScreen.storyboard;
			sourceTree = "<group>";
		};
/* End PBXVariantGroup section */

/* Begin XCBuildConfiguration section */
		32FEBA031D143D7F00D5CF09 /* Debug */ = {
			isa = XCBuildConfiguration;
			buildSettings = {
				ALWAYS_SEARCH_USER_PATHS = NO;
				CLANG_ANALYZER_NONNULL = YES;
				CLANG_CXX_LANGUAGE_STANDARD = "gnu++0x";
				CLANG_CXX_LIBRARY = "libc++";
				CLANG_ENABLE_MODULES = YES;
				CLANG_ENABLE_OBJC_ARC = YES;
				CLANG_WARN_BOOL_CONVERSION = YES;
				CLANG_WARN_CONSTANT_CONVERSION = YES;
				CLANG_WARN_DIRECT_OBJC_ISA_USAGE = YES_ERROR;
				CLANG_WARN_EMPTY_BODY = YES;
				CLANG_WARN_ENUM_CONVERSION = YES;
				CLANG_WARN_INT_CONVERSION = YES;
				CLANG_WARN_OBJC_ROOT_CLASS = YES_ERROR;
				CLANG_WARN_UNREACHABLE_CODE = YES;
				CLANG_WARN__DUPLICATE_METHOD_MATCH = YES;
				"CODE_SIGN_IDENTITY[sdk=iphoneos*]" = "iPhone Developer";
				COPY_PHASE_STRIP = NO;
				DEBUG_INFORMATION_FORMAT = dwarf;
				ENABLE_STRICT_OBJC_MSGSEND = YES;
				ENABLE_TESTABILITY = YES;
				GCC_C_LANGUAGE_STANDARD = gnu99;
				GCC_DYNAMIC_NO_PIC = NO;
				GCC_NO_COMMON_BLOCKS = YES;
				GCC_OPTIMIZATION_LEVEL = 0;
				GCC_PREPROCESSOR_DEFINITIONS = (
					"DEBUG=1",
					"$(inherited)",
				);
				GCC_WARN_64_TO_32_BIT_CONVERSION = YES;
				GCC_WARN_ABOUT_RETURN_TYPE = YES_ERROR;
				GCC_WARN_UNDECLARED_SELECTOR = YES;
				GCC_WARN_UNINITIALIZED_AUTOS = YES_AGGRESSIVE;
				GCC_WARN_UNUSED_FUNCTION = YES;
				GCC_WARN_UNUSED_VARIABLE = YES;
				IPHONEOS_DEPLOYMENT_TARGET = 9.3;
				MTL_ENABLE_DEBUG_INFO = YES;
				ONLY_ACTIVE_ARCH = YES;
				SDKROOT = iphoneos;
				SWIFT_OPTIMIZATION_LEVEL = "-Onone";
				TARGETED_DEVICE_FAMILY = "1,2";
			};
			name = Debug;
		};
		32FEBA041D143D7F00D5CF09 /* Release */ = {
			isa = XCBuildConfiguration;
			buildSettings = {
				ALWAYS_SEARCH_USER_PATHS = NO;
				CLANG_ANALYZER_NONNULL = YES;
				CLANG_CXX_LANGUAGE_STANDARD = "gnu++0x";
				CLANG_CXX_LIBRARY = "libc++";
				CLANG_ENABLE_MODULES = YES;
				CLANG_ENABLE_OBJC_ARC = YES;
				CLANG_WARN_BOOL_CONVERSION = YES;
				CLANG_WARN_CONSTANT_CONVERSION = YES;
				CLANG_WARN_DIRECT_OBJC_ISA_USAGE = YES_ERROR;
				CLANG_WARN_EMPTY_BODY = YES;
				CLANG_WARN_ENUM_CONVERSION = YES;
				CLANG_WARN_INT_CONVERSION = YES;
				CLANG_WARN_OBJC_ROOT_CLASS = YES_ERROR;
				CLANG_WARN_UNREACHABLE_CODE = YES;
				CLANG_WARN__DUPLICATE_METHOD_MATCH = YES;
				"CODE_SIGN_IDENTITY[sdk=iphoneos*]" = "iPhone Developer";
				COPY_PHASE_STRIP = NO;
				DEBUG_INFORMATION_FORMAT = "dwarf-with-dsym";
				ENABLE_NS_ASSERTIONS = NO;
				ENABLE_STRICT_OBJC_MSGSEND = YES;
				GCC_C_LANGUAGE_STANDARD = gnu99;
				GCC_NO_COMMON_BLOCKS = YES;
				GCC_WARN_64_TO_32_BIT_CONVERSION = YES;
				GCC_WARN_ABOUT_RETURN_TYPE = YES_ERROR;
				GCC_WARN_UNDECLARED_SELECTOR = YES;
				GCC_WARN_UNINITIALIZED_AUTOS = YES_AGGRESSIVE;
				GCC_WARN_UNUSED_FUNCTION = YES;
				GCC_WARN_UNUSED_VARIABLE = YES;
				IPHONEOS_DEPLOYMENT_TARGET = 9.3;
				MTL_ENABLE_DEBUG_INFO = NO;
				SDKROOT = iphoneos;
				TARGETED_DEVICE_FAMILY = "1,2";
				VALIDATE_PRODUCT = YES;
			};
			name = Release;
		};
		32FEBA061D143D7F00D5CF09 /* Debug */ = {
			isa = XCBuildConfiguration;
			buildSettings = {
				ASSETCATALOG_COMPILER_APPICON_NAME = AppIcon;
				INFOPLIST_FILE = MengDay/Info.plist;
				LD_RUNPATH_SEARCH_PATHS = "$(inherited) @executable_path/Frameworks";
				PRODUCT_BUNDLE_IDENTIFIER = waterloo.MengDay;
				PRODUCT_NAME = "$(TARGET_NAME)";
			};
			name = Debug;
		};
		32FEBA071D143D7F00D5CF09 /* Release */ = {
			isa = XCBuildConfiguration;
			buildSettings = {
				ASSETCATALOG_COMPILER_APPICON_NAME = AppIcon;
				INFOPLIST_FILE = MengDay/Info.plist;
				LD_RUNPATH_SEARCH_PATHS = "$(inherited) @executable_path/Frameworks";
				PRODUCT_BUNDLE_IDENTIFIER = waterloo.MengDay;
				PRODUCT_NAME = "$(TARGET_NAME)";
			};
			name = Release;
		};
		32FEBA091D143D7F00D5CF09 /* Debug */ = {
			isa = XCBuildConfiguration;
			buildSettings = {
				BUNDLE_LOADER = "$(TEST_HOST)";
				INFOPLIST_FILE = MengDayTests/Info.plist;
				LD_RUNPATH_SEARCH_PATHS = "$(inherited) @executable_path/Frameworks @loader_path/Frameworks";
				PRODUCT_BUNDLE_IDENTIFIER = waterloo.MengDayTests;
				PRODUCT_NAME = "$(TARGET_NAME)";
				TEST_HOST = "$(BUILT_PRODUCTS_DIR)/MengDay.app/MengDay";
			};
			name = Debug;
		};
		32FEBA0A1D143D7F00D5CF09 /* Release */ = {
			isa = XCBuildConfiguration;
			buildSettings = {
				BUNDLE_LOADER = "$(TEST_HOST)";
				INFOPLIST_FILE = MengDayTests/Info.plist;
				LD_RUNPATH_SEARCH_PATHS = "$(inherited) @executable_path/Frameworks @loader_path/Frameworks";
				PRODUCT_BUNDLE_IDENTIFIER = waterloo.MengDayTests;
				PRODUCT_NAME = "$(TARGET_NAME)";
				TEST_HOST = "$(BUILT_PRODUCTS_DIR)/MengDay.app/MengDay";
			};
			name = Release;
		};
		32FEBA0C1D143D7F00D5CF09 /* Debug */ = {
			isa = XCBuildConfiguration;
			buildSettings = {
				INFOPLIST_FILE = MengDayUITests/Info.plist;
				LD_RUNPATH_SEARCH_PATHS = "$(inherited) @executable_path/Frameworks @loader_path/Frameworks";
				PRODUCT_BUNDLE_IDENTIFIER = waterloo.MengDayUITests;
				PRODUCT_NAME = "$(TARGET_NAME)";
				TEST_TARGET_NAME = MengDay;
			};
			name = Debug;
		};
		32FEBA0D1D143D7F00D5CF09 /* Release */ = {
			isa = XCBuildConfiguration;
			buildSettings = {
				INFOPLIST_FILE = MengDayUITests/Info.plist;
				LD_RUNPATH_SEARCH_PATHS = "$(inherited) @executable_path/Frameworks @loader_path/Frameworks";
				PRODUCT_BUNDLE_IDENTIFIER = waterloo.MengDayUITests;
				PRODUCT_NAME = "$(TARGET_NAME)";
				TEST_TARGET_NAME = MengDay;
			};
			name = Release;
		};
/* End XCBuildConfiguration section */

/* Begin XCConfigurationList section */
		32FEB9D81D143D7E00D5CF09 /* Build configuration list for PBXProject "MengDay" */ = {
			isa = XCConfigurationList;
			buildConfigurations = (
				32FEBA031D143D7F00D5CF09 /* Debug */,
				32FEBA041D143D7F00D5CF09 /* Release */,
			);
			defaultConfigurationIsVisible = 0;
			defaultConfigurationName = Release;
		};
		32FEBA051D143D7F00D5CF09 /* Build configuration list for PBXNativeTarget "MengDay" */ = {
			isa = XCConfigurationList;
			buildConfigurations = (
				32FEBA061D143D7F00D5CF09 /* Debug */,
				32FEBA071D143D7F00D5CF09 /* Release */,
			);
			defaultConfigurationIsVisible = 0;
		};
		32FEBA081D143D7F00D5CF09 /* Build configuration list for PBXNativeTarget "MengDayTests" */ = {
			isa = XCConfigurationList;
			buildConfigurations = (
				32FEBA091D143D7F00D5CF09 /* Debug */,
				32FEBA0A1D143D7F00D5CF09 /* Release */,
			);
			defaultConfigurationIsVisible = 0;
		};
		32FEBA0B1D143D7F00D5CF09 /* Build configuration list for PBXNativeTarget "MengDayUITests" */ = {
			isa = XCConfigurationList;
			buildConfigurations = (
				32FEBA0C1D143D7F00D5CF09 /* Debug */,
				32FEBA0D1D143D7F00D5CF09 /* Release */,
			);
			defaultConfigurationIsVisible = 0;
		};
/* End XCConfigurationList section */
	};
	rootObject = 32FEB9D51D143D7E00D5CF09 /* Project object */;
}
